
Microsoft Visual Studio Solution File, Format Version 12.00
# Visual Studio Version 17
VisualStudioVersion = 17.14.36429.23 d17.14
MinimumVisualStudioVersion = 10.0.40219.1
Project("{FAE04EC0-301F-11D3-BF4B-00C04F79EFBC}") = "Sistema_De_Inventario", "Sistema_De_Inventario\Sistema_De_Inventario.csproj", "{0F25E42F-62EF-4CAC-9933-A1A0FB03EE8E}"
EndProject
Global
	GlobalSection(SolutionConfigurationPlatforms) = preSolution
		Debug|Any CPU = Debug|Any CPU
		Release|Any CPU = Release|Any CPU
	EndGlobalSection
	GlobalSection(ProjectConfigurationPlatforms) = postSolution
		{0F25E42F-62EF-4CAC-9933-A1A0FB03EE8E}.Debug|Any CPU.ActiveCfg = Debug|Any CPU
		{0F25E42F-62EF-4CAC-9933-A1A0FB03EE8E}.Debug|Any CPU.Build.0 = Debug|Any CPU
		{0F25E42F-62EF-4CAC-9933-A1A0FB03EE8E}.Release|Any CPU.ActiveCfg = Release|Any CPU
		{0F25E42F-62EF-4CAC-9933-A1A0FB03EE8E}.Release|Any CPU.Build.0 = Release|Any CPU
	EndGlobalSection
	GlobalSection(SolutionProperties) = preSolution
		HideSolutionNode = FALSE
	EndGlobalSection
	GlobalSection(ExtensibilityGlobals) = postSolution
		SolutionGuid = {A6B6CC09-B287-4136-9A8E-1A9492E59904}
	EndGlobalSection
EndGlobal
